// !$*UTF8*$!
{
	archiveVersion = 1;
	classes = {
	};
	objectVersion = 46;
	objects = {

/* Begin PBXBuildFile section */
		706BDE871C33754500A0A524 /* AppDelegate.swift in Sources */ = {isa = PBXBuildFile; fileRef = 706BDE861C33754500A0A524 /* AppDelegate.swift */; };
		706BDE891C33754500A0A524 /* ViewController.swift in Sources */ = {isa = PBXBuildFile; fileRef = 706BDE881C33754500A0A524 /* ViewController.swift */; };
		706BDE8C1C33754500A0A524 /* Main.storyboard in Resources */ = {isa = PBXBuildFile; fileRef = 706BDE8A1C33754500A0A524 /* Main.storyboard */; };
		706BDE8E1C33754500A0A524 /* Assets.xcassets in Resources */ = {isa = PBXBuildFile; fileRef = 706BDE8D1C33754500A0A524 /* Assets.xcassets */; };
		706BDE911C33754500A0A524 /* LaunchScreen.storyboard in Resources */ = {isa = PBXBuildFile; fileRef = 706BDE8F1C33754500A0A524 /* LaunchScreen.storyboard */; };
		706BDE9C1C33754500A0A524 /* tipsTests.swift in Sources */ = {isa = PBXBuildFile; fileRef = 706BDE9B1C33754500A0A524 /* tipsTests.swift */; };
		706BDEA71C33754500A0A524 /* tipsUITests.swift in Sources */ = {isa = PBXBuildFile; fileRef = 706BDEA61C33754500A0A524 /* tipsUITests.swift */; };
/* End PBXBuildFile section */

/* Begin PBXContainerItemProxy section */
		706BDE981C33754500A0A524 /* PBXContainerItemProxy */ = {
			isa = PBXContainerItemProxy;
			containerPortal = 706BDE7B1C33754500A0A524 /* Project object */;
			proxyType = 1;
			remoteGlobalIDString = 706BDE821C33754500A0A524;
			remoteInfo = tips;
		};
		706BDEA31C33754500A0A524 /* PBXContainerItemProxy */ = {
			isa = PBXContainerItemProxy;
			containerPortal = 706BDE7B1C33754500A0A524 /* Project object */;
			proxyType = 1;
			remoteGlobalIDString = 706BDE821C33754500A0A524;
			remoteInfo = tips;
		};
/* End PBXContainerItemProxy section */

/* Begin PBXFileReference section */
		706BDE831C33754500A0A524 /* tips.app */ = {isa = PBXFileReference; explicitFileType = wrapper.application; includeInIndex = 0; path = tips.app; sourceTree = BUILT_PRODUCTS_DIR; };
		706BDE861C33754500A0A524 /* AppDelegate.swift */ = {isa = PBXFileReference; lastKnownFileType = sourcecode.swift; path = AppDelegate.swift; sourceTree = "<group>"; };
		706BDE881C33754500A0A524 /* ViewController.swift */ = {isa = PBXFileReference; lastKnownFileType = sourcecode.swift; path = ViewController.swift; sourceTree = "<group>"; };
		706BDE8B1C33754500A0A524 /* Base */ = {isa = PBXFileReference; lastKnownFileType = file.storyboard; name = Base; path = Base.lproj/Main.storyboard; sourceTree = "<group>"; };
		706BDE8D1C33754500A0A524 /* Assets.xcassets */ = {isa = PBXFileReference; lastKnownFileType = folder.assetcatalog; path = Assets.xcassets; sourceTree = "<group>"; };
		706BDE901C33754500A0A524 /* Base */ = {isa = PBXFileReference; lastKnownFileType = file.storyboard; name = Base; path = Base.lproj/LaunchScreen.storyboard; sourceTree = "<group>"; };
		706BDE921C33754500A0A524 /* Info.plist */ = {isa = PBXFileReference; lastKnownFileType = text.plist.xml; path = Info.plist; sourceTree = "<group>"; };
		706BDE971C33754500A0A524 /* tipsTests.xctest */ = {isa = PBXFileReference; explicitFileType = wrapper.cfbundle; includeInIndex = 0; path = tipsTests.xctest; sourceTree = BUILT_PRODUCTS_DIR; };
		706BDE9B1C33754500A0A524 /* tipsTests.swift */ = {isa = PBXFileReference; lastKnownFileType = sourcecode.swift; path = tipsTests.swift; sourceTree = "<group>"; };
		706BDE9D1C33754500A0A524 /* Info.plist */ = {isa = PBXFileReference; lastKnownFileType = text.plist.xml; path = Info.plist; sourceTree = "<group>"; };
		706BDEA21C33754500A0A524 /* tipsUITests.xctest */ = {isa = PBXFileReference; explicitFileType = wrapper.cfbundle; includeInIndex = 0; path = tipsUITests.xctest; sourceTree = BUILT_PRODUCTS_DIR; };
		706BDEA61C33754500A0A524 /* tipsUITests.swift */ = {isa = PBXFileReference; lastKnownFileType = sourcecode.swift; path = tipsUITests.swift; sourceTree = "<group>"; };
		706BDEA81C33754500A0A524 /* Info.plist */ = {isa = PBXFileReference; lastKnownFileType = text.plist.xml; path = Info.plist; sourceTree = "<group>"; };
/* End PBXFileReference section */

/* Begin PBXFrameworksBuildPhase section */
		706BDE801C33754500A0A524 /* Frameworks */ = {
			isa = PBXFrameworksBuildPhase;
			buildActionMask = 2147483647;
			files = (
			);
			runOnlyForDeploymentPostprocessing = 0;
		};
		706BDE941C33754500A0A524 /* Frameworks */ = {
			isa = PBXFrameworksBuildPhase;
			buildActionMask = 2147483647;
			files = (
			);
			runOnlyForDeploymentPostprocessing = 0;
		};
		706BDE9F1C33754500A0A524 /* Frameworks */ = {
			isa = PBXFrameworksBuildPhase;
			buildActionMask = 2147483647;
			files = (
			);
			runOnlyForDeploymentPostprocessing = 0;
		};
/* End PBXFrameworksBuildPhase section */

/* Begin PBXGroup section */
		706BDE7A1C33754500A0A524 = {
			isa = PBXGroup;
			children = (
				706BDE851C33754500A0A524 /* tips */,
				706BDE9A1C33754500A0A524 /* tipsTests */,
				706BDEA51C33754500A0A524 /* tipsUITests */,
				706BDE841C33754500A0A524 /* Products */,
			);
			sourceTree = "<group>";
		};
		706BDE841C33754500A0A524 /* Products */ = {
			isa = PBXGroup;
			children = (
				706BDE831C33754500A0A524 /* tips.app */,
				706BDE971C33754500A0A524 /* tipsTests.xctest */,
				706BDEA21C33754500A0A524 /* tipsUITests.xctest */,
			);
			name = Products;
			sourceTree = "<group>";
		};
		706BDE851C33754500A0A524 /* tips */ = {
			isa = PBXGroup;
			children = (
				706BDE861C33754500A0A524 /* AppDelegate.swift */,
				706BDE881C33754500A0A524 /* ViewController.swift */,
				706BDE8A1C33754500A0A524 /* Main.storyboard */,
				706BDE8D1C33754500A0A524 /* Assets.xcassets */,
				706BDE8F1C33754500A0A524 /* LaunchScreen.storyboard */,
				706BDE921C33754500A0A524 /* Info.plist */,
			);
			path = tips;
			sourceTree = "<group>";
		};
		706BDE9A1C33754500A0A524 /* tipsTests */ = {
			isa = PBXGroup;
			children = (
				706BDE9B1C33754500A0A524 /* tipsTests.swift */,
				706BDE9D1C33754500A0A524 /* Info.plist */,
			);
			path = tipsTests;
			sourceTree = "<group>";
		};
		706BDEA51C33754500A0A524 /* tipsUITests */ = {
			isa = PBXGroup;
			children = (
				706BDEA61C33754500A0A524 /* tipsUITests.swift */,
				706BDEA81C33754500A0A524 /* Info.plist */,
			);
			path = tipsUITests;
			sourceTree = "<group>";
		};
/* End PBXGroup section */

/* Begin PBXNativeTarget section */
		706BDE821C33754500A0A524 /* tips */ = {
			isa = PBXNativeTarget;
			buildConfigurationList = 706BDEAB1C33754500A0A524 /* Build configuration list for PBXNativeTarget "tips" */;
			buildPhases = (
				706BDE7F1C33754500A0A524 /* Sources */,
				706BDE801C33754500A0A524 /* Frameworks */,
				706BDE811C33754500A0A524 /* Resources */,
			);
			buildRules = (
			);
			dependencies = (
			);
			name = tips;
			productName = tips;
			productReference = 706BDE831C33754500A0A524 /* tips.app */;
			productType = "com.apple.product-type.application";
		};
		706BDE961C33754500A0A524 /* tipsTests */ = {
			isa = PBXNativeTarget;
			buildConfigurationList = 706BDEAE1C33754500A0A524 /* Build configuration list for PBXNativeTarget "tipsTests" */;
			buildPhases = (
				706BDE931C33754500A0A524 /* Sources */,
				706BDE941C33754500A0A524 /* Frameworks */,
				706BDE951C33754500A0A524 /* Resources */,
			);
			buildRules = (
			);
			dependencies = (
				706BDE991C33754500A0A524 /* PBXTargetDependency */,
			);
			name = tipsTests;
			productName = tipsTests;
			productReference = 706BDE971C33754500A0A524 /* tipsTests.xctest */;
			productType = "com.apple.product-type.bundle.unit-test";
		};
		706BDEA11C33754500A0A524 /* tipsUITests */ = {
			isa = PBXNativeTarget;
			buildConfigurationList = 706BDEB11C33754500A0A524 /* Build configuration list for PBXNativeTarget "tipsUITests" */;
			buildPhases = (
				706BDE9E1C33754500A0A524 /* Sources */,
				706BDE9F1C33754500A0A524 /* Frameworks */,
				706BDEA01C33754500A0A524 /* Resources */,
			);
			buildRules = (
			);
			dependencies = (
				706BDEA41C33754500A0A524 /* PBXTargetDependency */,
			);
			name = tipsUITests;
			productName = tipsUITests;
			productReference = 706BDEA21C33754500A0A524 /* tipsUITests.xctest */;
			productType = "com.apple.product-type.bundle.ui-testing";
		};
/* End PBXNativeTarget section */

/* Begin PBXProject section */
		706BDE7B1C33754500A0A524 /* Project object */ = {
			isa = PBXProject;
			attributes = {
				LastSwiftUpdateCheck = 0720;
				LastUpgradeCheck = 0720;
				ORGANIZATIONNAME = "Jeremy Cardona";
				TargetAttributes = {
					706BDE821C33754500A0A524 = {
						CreatedOnToolsVersion = 7.2;
					};
					706BDE961C33754500A0A524 = {
						CreatedOnToolsVersion = 7.2;
						TestTargetID = 706BDE821C33754500A0A524;
					};
					706BDEA11C33754500A0A524 = {
						CreatedOnToolsVersion = 7.2;
						TestTargetID = 706BDE821C33754500A0A524;
					};
				};
			};
			buildConfigurationList = 706BDE7E1C33754500A0A524 /* Build configuration list for PBXProject "tips" */;
			compatibilityVersion = "Xcode 3.2";
			developmentRegion = English;
			hasScannedForEncodings = 0;
			knownRegions = (
				en,
				Base,
			);
			mainGroup = 706BDE7A1C33754500A0A524;
			productRefGroup = 706BDE841C33754500A0A524 /* Products */;
			projectDirPath = "";
			projectRoot = "";
			targets = (
				706BDE821C33754500A0A524 /* tips */,
				706BDE961C33754500A0A524 /* tipsTests */,
				706BDEA11C33754500A0A524 /* tipsUITests */,
			);
		};
/* End PBXProject section */

/* Begin PBXResourcesBuildPhase section */
		706BDE811C33754500A0A524 /* Resources */ = {
			isa = PBXResourcesBuildPhase;
			buildActionMask = 2147483647;
			files = (
				706BDE911C33754500A0A524 /* LaunchScreen.storyboard in Resources */,
				706BDE8E1C33754500A0A524 /* Assets.xcassets in Resources */,
				706BDE8C1C33754500A0A524 /* Main.storyboard in Resources */,
			);
			runOnlyForDeploymentPostprocessing = 0;
		};
		706BDE951C33754500A0A524 /* Resources */ = {
			isa = PBXResourcesBuildPhase;
			buildActionMask = 2147483647;
			files = (
			);
			runOnlyForDeploymentPostprocessing = 0;
		};
		706BDEA01C33754500A0A524 /* Resources */ = {
			isa = PBXResourcesBuildPhase;
			buildActionMask = 2147483647;
			files = (
			);
			runOnlyForDeploymentPostprocessing = 0;
		};
/* End PBXResourcesBuildPhase section */

/* Begin PBXSourcesBuildPhase section */
		706BDE7F1C33754500A0A524 /* Sources */ = {
			isa = PBXSourcesBuildPhase;
			buildActionMask = 2147483647;
			files = (
				706BDE891C33754500A0A524 /* ViewController.swift in Sources */,
				706BDE871C33754500A0A524 /* AppDelegate.swift in Sources */,
			);
			runOnlyForDeploymentPostprocessing = 0;
		};
		706BDE931C33754500A0A524 /* Sources */ = {
			isa = PBXSourcesBuildPhase;
			buildActionMask = 2147483647;
			files = (
				706BDE9C1C33754500A0A524 /* tipsTests.swift in Sources */,
			);
			runOnlyForDeploymentPostprocessing = 0;
		};
		706BDE9E1C33754500A0A524 /* Sources */ = {
			isa = PBXSourcesBuildPhase;
			buildActionMask = 2147483647;
			files = (
				706BDEA71C33754500A0A524 /* tipsUITests.swift in Sources */,
			);
			runOnlyForDeploymentPostprocessing = 0;
		};
/* End PBXSourcesBuildPhase section */

/* Begin PBXTargetDependency section */
		706BDE991C33754500A0A524 /* PBXTargetDependency */ = {
			isa = PBXTargetDependency;
			target = 706BDE821C33754500A0A524 /* tips */;
			targetProxy = 706BDE981C33754500A0A524 /* PBXContainerItemProxy */;
		};
		706BDEA41C33754500A0A524 /* PBXTargetDependency */ = {
			isa = PBXTargetDependency;
			target = 706BDE821C33754500A0A524 /* tips */;
			targetProxy = 706BDEA31C33754500A0A524 /* PBXContainerItemProxy */;
		};
/* End PBXTargetDependency section */

/* Begin PBXVariantGroup section */
		706BDE8A1C33754500A0A524 /* Main.storyboard */ = {
			isa = PBXVariantGroup;
			children = (
				706BDE8B1C33754500A0A524 /* Base */,
			);
			name = Main.storyboard;
			sourceTree = "<group>";
		};
		706BDE8F1C33754500A0A524 /* LaunchScreen.storyboard */ = {
			isa = PBXVariantGroup;
			children = (
				706BDE901C33754500A0A524 /* Base */,
			);
			name = LaunchScreen.storyboard;
			sourceTree = "<group>";
		};
/* End PBXVariantGroup section */

/* Begin XCBuildConfiguration section */
		706BDEA91C33754500A0A524 /* Debug */ = {
			isa = XCBuildConfiguration;
			buildSettings = {
				ALWAYS_SEARCH_USER_PATHS = NO;
				CLANG_CXX_LANGUAGE_STANDARD = "gnu++0x";
				CLANG_CXX_LIBRARY = "libc++";
				CLANG_ENABLE_MODULES = YES;
				CLANG_ENABLE_OBJC_ARC = YES;
				CLANG_WARN_BOOL_CONVERSION = YES;
				CLANG_WARN_CONSTANT_CONVERSION = YES;
				CLANG_WARN_DIRECT_OBJC_ISA_USAGE = YES_ERROR;
				CLANG_WARN_EMPTY_BODY = YES;
				CLANG_WARN_ENUM_CONVERSION = YES;
				CLANG_WARN_INT_CONVERSION = YES;
				CLANG_WARN_OBJC_ROOT_CLASS = YES_ERROR;
				CLANG_WARN_UNREACHABLE_CODE = YES;
				CLANG_WARN__DUPLICATE_METHOD_MATCH = YES;
				"CODE_SIGN_IDENTITY[sdk=iphoneos*]" = "iPhone Developer";
				COPY_PHASE_STRIP = NO;
				DEBUG_INFORMATION_FORMAT = dwarf;
				ENABLE_STRICT_OBJC_MSGSEND = YES;
				ENABLE_TESTABILITY = YES;
				GCC_C_LANGUAGE_STANDARD = gnu99;
				GCC_DYNAMIC_NO_PIC = NO;
				GCC_NO_COMMON_BLOCKS = YES;
				GCC_OPTIMIZATION_LEVEL = 0;
				GCC_PREPROCESSOR_DEFINITIONS = (
					"DEBUG=1",
					"$(inherited)",
				);
				GCC_WARN_64_TO_32_BIT_CONVERSION = YES;
				GCC_WARN_ABOUT_RETURN_TYPE = YES_ERROR;
				GCC_WARN_UNDECLARED_SELECTOR = YES;
				GCC_WARN_UNINITIALIZED_AUTOS = YES_AGGRESSIVE;
				GCC_WARN_UNUSED_FUNCTION = YES;
				GCC_WARN_UNUSED_VARIABLE = YES;
				IPHONEOS_DEPLOYMENT_TARGET = 9.2;
				MTL_ENABLE_DEBUG_INFO = YES;
				ONLY_ACTIVE_ARCH = YES;
				SDKROOT = iphoneos;
				SWIFT_OPTIMIZATION_LEVEL = "-Onone";
			};
			name = Debug;
		};
		706BDEAA1C33754500A0A524 /* Release */ = {
			isa = XCBuildConfiguration;
			buildSettings = {
				ALWAYS_SEARCH_USER_PATHS = NO;
				CLANG_CXX_LANGUAGE_STANDARD = "gnu++0x";
				CLANG_CXX_LIBRARY = "libc++";
				CLANG_ENABLE_MODULES = YES;
				CLANG_ENABLE_OBJC_ARC = YES;
				CLANG_WARN_BOOL_CONVERSION = YES;
				CLANG_WARN_CONSTANT_CONVERSION = YES;
				CLANG_WARN_DIRECT_OBJC_ISA_USAGE = YES_ERROR;
				CLANG_WARN_EMPTY_BODY = YES;
				CLANG_WARN_ENUM_CONVERSION = YES;
				CLANG_WARN_INT_CONVERSION = YES;
				CLANG_WARN_OBJC_ROOT_CLASS = YES_ERROR;
				CLANG_WARN_UNREACHABLE_CODE = YES;
				CLANG_WARN__DUPLICATE_METHOD_MATCH = YES;
				"CODE_SIGN_IDENTITY[sdk=iphoneos*]" = "iPhone Developer";
				COPY_PHASE_STRIP = NO;
				DEBUG_INFORMATION_FORMAT = "dwarf-with-dsym";
				ENABLE_NS_ASSERTIONS = NO;
				ENABLE_STRICT_OBJC_MSGSEND = YES;
				GCC_C_LANGUAGE_STANDARD = gnu99;
				GCC_NO_COMMON_BLOCKS = YES;
				GCC_WARN_64_TO_32_BIT_CONVERSION = YES;
				GCC_WARN_ABOUT_RETURN_TYPE = YES_ERROR;
				GCC_WARN_UNDECLARED_SELECTOR = YES;
				GCC_WARN_UNINITIALIZED_AUTOS = YES_AGGRESSIVE;
				GCC_WARN_UNUSED_FUNCTION = YES;
				GCC_WARN_UNUSED_VARIABLE = YES;
				IPHONEOS_DEPLOYMENT_TARGET = 9.2;
				MTL_ENABLE_DEBUG_INFO = NO;
				SDKROOT = iphoneos;
				VALIDATE_PRODUCT = YES;
			};
			name = Release;
		};
		706BDEAC1C33754500A0A524 /* Debug */ = {
			isa = XCBuildConfiguration;
			buildSettings = {
				ASSETCATALOG_COMPILER_APPICON_NAME = AppIcon;
				INFOPLIST_FILE = tips/Info.plist;
				LD_RUNPATH_SEARCH_PATHS = "$(inherited) @executable_path/Frameworks";
				PRODUCT_BUNDLE_IDENTIFIER = project.tips;
				PRODUCT_NAME = "$(TARGET_NAME)";
			};
			name = Debug;
		};
		706BDEAD1C33754500A0A524 /* Release */ = {
			isa = XCBuildConfiguration;
			buildSettings = {
				ASSETCATALOG_COMPILER_APPICON_NAME = AppIcon;
				INFOPLIST_FILE = tips/Info.plist;
				LD_RUNPATH_SEARCH_PATHS = "$(inherited) @executable_path/Frameworks";
				PRODUCT_BUNDLE_IDENTIFIER = project.tips;
				PRODUCT_NAME = "$(TARGET_NAME)";
			};
			name = Release;
		};
		706BDEAF1C33754500A0A524 /* Debug */ = {
			isa = XCBuildConfiguration;
			buildSettings = {
				BUNDLE_LOADER = "$(TEST_HOST)";
				INFOPLIST_FILE = tipsTests/Info.plist;
				LD_RUNPATH_SEARCH_PATHS = "$(inherited) @executable_path/Frameworks @loader_path/Frameworks";
				PRODUCT_BUNDLE_IDENTIFIER = project.tipsTests;
				PRODUCT_NAME = "$(TARGET_NAME)";
				TEST_HOST = "$(BUILT_PRODUCTS_DIR)/tips.app/tips";
			};
			name = Debug;
		};
		706BDEB01C33754500A0A524 /* Release */ = {
			isa = XCBuildConfiguration;
			buildSettings = {
				BUNDLE_LOADER = "$(TEST_HOST)";
				INFOPLIST_FILE = tipsTests/Info.plist;
				LD_RUNPATH_SEARCH_PATHS = "$(inherited) @executable_path/Frameworks @loader_path/Frameworks";
				PRODUCT_BUNDLE_IDENTIFIER = project.tipsTests;
				PRODUCT_NAME = "$(TARGET_NAME)";
				TEST_HOST = "$(BUILT_PRODUCTS_DIR)/tips.app/tips";
			};
			name = Release;
		};
		706BDEB21C33754500A0A524 /* Debug */ = {
			isa = XCBuildConfiguration;
			buildSettings = {
				INFOPLIST_FILE = tipsUITests/Info.plist;
				LD_RUNPATH_SEARCH_PATHS = "$(inherited) @executable_path/Frameworks @loader_path/Frameworks";
				PRODUCT_BUNDLE_IDENTIFIER = project.tipsUITests;
				PRODUCT_NAME = "$(TARGET_NAME)";
				TEST_TARGET_NAME = tips;
				USES_XCTRUNNER = YES;
			};
			name = Debug;
		};
		706BDEB31C33754500A0A524 /* Release */ = {
			isa = XCBuildConfiguration;
			buildSettings = {
				INFOPLIST_FILE = tipsUITests/Info.plist;
				LD_RUNPATH_SEARCH_PATHS = "$(inherited) @executable_path/Frameworks @loader_path/Frameworks";
				PRODUCT_BUNDLE_IDENTIFIER = project.tipsUITests;
				PRODUCT_NAME = "$(TARGET_NAME)";
				TEST_TARGET_NAME = tips;
				USES_XCTRUNNER = YES;
			};
			name = Release;
		};
/* End XCBuildConfiguration section */

/* Begin XCConfigurationList section */
		706BDE7E1C33754500A0A524 /* Build configuration list for PBXProject "tips" */ = {
			isa = XCConfigurationList;
			buildConfigurations = (
				706BDEA91C33754500A0A524 /* Debug */,
				706BDEAA1C33754500A0A524 /* Release */,
			);
			defaultConfigurationIsVisible = 0;
			defaultConfigurationName = Release;
		};
		706BDEAB1C33754500A0A524 /* Build configuration list for PBXNativeTarget "tips" */ = {
			isa = XCConfigurationList;
			buildConfigurations = (
				706BDEAC1C33754500A0A524 /* Debug */,
				706BDEAD1C33754500A0A524 /* Release */,
			);
			defaultConfigurationIsVisible = 0;
		};
		706BDEAE1C33754500A0A524 /* Build configuration list for PBXNativeTarget "tipsTests" */ = {
			isa = XCConfigurationList;
			buildConfigurations = (
				706BDEAF1C33754500A0A524 /* Debug */,
				706BDEB01C33754500A0A524 /* Release */,
			);
			defaultConfigurationIsVisible = 0;
		};
		706BDEB11C33754500A0A524 /* Build configuration list for PBXNativeTarget "tipsUITests" */ = {
			isa = XCConfigurationList;
			buildConfigurations = (
				706BDEB21C33754500A0A524 /* Debug */,
				706BDEB31C33754500A0A524 /* Release */,
			);
			defaultConfigurationIsVisible = 0;
		};
/* End XCConfigurationList section */
	};
	rootObject = 706BDE7B1C33754500A0A524 /* Project object */;
}
